{
  "requires": true,
  "lockfileVersion": 1,
  "dependencies": {
    "@yaireo/tagify": {
      "version": "4.8.1",
      "resolved": "https://registry.npmjs.org/@yaireo/tagify/-/tagify-4.8.1.tgz",
      "integrity": "sha512-SK3mN6HPzNzW3rgolvdsv/3m8OX5xdbh6H8oz/fjdLCa0Qt3JoaAQqjsMxaLG575+ywl5jpvsaIj+JB6yi9LUQ=="
    }
  }
}
